// !$*UTF8*$!
{
	archiveVersion = 1;
	classes = {
	};
	objectVersion = 50;
	objects = {

/* Begin PBXBuildFile section */
		2E9953E0294071B30033B3FB /* CameraViewComtroller.swift in Sources */ = {isa = PBXBuildFile; fileRef = 2E9953DF294071B30033B3FB /* CameraViewComtroller.swift */; };
		2E9953E82940882A0033B3FB /* FailViewController.swift in Sources */ = {isa = PBXBuildFile; fileRef = 2E9953E72940882A0033B3FB /* FailViewController.swift */; };
		2E9DB02B2949ABE70046F87E /* InfoViewController.swift in Sources */ = {isa = PBXBuildFile; fileRef = 2E9DB02A2949ABE70046F87E /* InfoViewController.swift */; };
		2EAC739F292DED1500A6DD42 /* AppDelegate.swift in Sources */ = {isa = PBXBuildFile; fileRef = 2EAC739E292DED1500A6DD42 /* AppDelegate.swift */; };
		2EAC73A1292DED1500A6DD42 /* SceneDelegate.swift in Sources */ = {isa = PBXBuildFile; fileRef = 2EAC73A0292DED1500A6DD42 /* SceneDelegate.swift */; };
		2EAC73A3292DED1500A6DD42 /* ViewController.swift in Sources */ = {isa = PBXBuildFile; fileRef = 2EAC73A2292DED1500A6DD42 /* ViewController.swift */; };
		2EAC73A6292DED1500A6DD42 /* Main.storyboard in Resources */ = {isa = PBXBuildFile; fileRef = 2EAC73A4292DED1500A6DD42 /* Main.storyboard */; };
		2EAC73A8292DED2000A6DD42 /* Assets.xcassets in Resources */ = {isa = PBXBuildFile; fileRef = 2EAC73A7292DED2000A6DD42 /* Assets.xcassets */; };
		2EAC73AB292DED2000A6DD42 /* LaunchScreen.storyboard in Resources */ = {isa = PBXBuildFile; fileRef = 2EAC73A9292DED2000A6DD42 /* LaunchScreen.storyboard */; };
		CC7A7F7F29476A3A00684DC5 /* VNClassificationObservation+confidenceString.swift in Sources */ = {isa = PBXBuildFile; fileRef = CC7A7F7829476A3A00684DC5 /* VNClassificationObservation+confidenceString.swift */; };
		CC7A7F8029476A3A00684DC5 /* CGImagePropertyOrientation+UIImageOrientation.swift in Sources */ = {isa = PBXBuildFile; fileRef = CC7A7F7929476A3A00684DC5 /* CGImagePropertyOrientation+UIImageOrientation.swift */; };
		CC7A7F8129476A3A00684DC5 /* isWineClassifier.mlmodel in Sources */ = {isa = PBXBuildFile; fileRef = CC7A7F7B29476A3A00684DC5 /* isWineClassifier.mlmodel */; };
		CC7A7F8229476A3A00684DC5 /* wineClassifier.mlmodel in Sources */ = {isa = PBXBuildFile; fileRef = CC7A7F7C29476A3A00684DC5 /* wineClassifier.mlmodel */; };
		CC7A7F8329476A3A00684DC5 /* IsWinePredictor.swift in Sources */ = {isa = PBXBuildFile; fileRef = CC7A7F7E29476A3A00684DC5 /* IsWinePredictor.swift */; };
/* End PBXBuildFile section */

/* Begin PBXFileReference section */
		2E9953DF294071B30033B3FB /* CameraViewComtroller.swift */ = {isa = PBXFileReference; lastKnownFileType = sourcecode.swift; path = CameraViewComtroller.swift; sourceTree = "<group>"; };
		2E9953E72940882A0033B3FB /* FailViewController.swift */ = {isa = PBXFileReference; lastKnownFileType = sourcecode.swift; path = FailViewController.swift; sourceTree = "<group>"; };
		2E9DB02A2949ABE70046F87E /* InfoViewController.swift */ = {isa = PBXFileReference; lastKnownFileType = sourcecode.swift; path = InfoViewController.swift; sourceTree = "<group>"; };
		2EAC739B292DED1500A6DD42 /* Grapevine.app */ = {isa = PBXFileReference; explicitFileType = wrapper.application; includeInIndex = 0; path = Grapevine.app; sourceTree = BUILT_PRODUCTS_DIR; };
		2EAC739E292DED1500A6DD42 /* AppDelegate.swift */ = {isa = PBXFileReference; lastKnownFileType = sourcecode.swift; path = AppDelegate.swift; sourceTree = "<group>"; };
		2EAC73A0292DED1500A6DD42 /* SceneDelegate.swift */ = {isa = PBXFileReference; lastKnownFileType = sourcecode.swift; path = SceneDelegate.swift; sourceTree = "<group>"; };
		2EAC73A2292DED1500A6DD42 /* ViewController.swift */ = {isa = PBXFileReference; lastKnownFileType = sourcecode.swift; path = ViewController.swift; sourceTree = "<group>"; };
		2EAC73A5292DED1500A6DD42 /* Base */ = {isa = PBXFileReference; lastKnownFileType = file.storyboard; name = Base; path = Base.lproj/Main.storyboard; sourceTree = "<group>"; };
		2EAC73A7292DED2000A6DD42 /* Assets.xcassets */ = {isa = PBXFileReference; lastKnownFileType = folder.assetcatalog; path = Assets.xcassets; sourceTree = "<group>"; };
		2EAC73AA292DED2000A6DD42 /* Base */ = {isa = PBXFileReference; lastKnownFileType = file.storyboard; name = Base; path = Base.lproj/LaunchScreen.storyboard; sourceTree = "<group>"; };
		2EAC73AC292DED2000A6DD42 /* Info.plist */ = {isa = PBXFileReference; lastKnownFileType = text.plist.xml; path = Info.plist; sourceTree = "<group>"; };
		CC7A7F7829476A3A00684DC5 /* VNClassificationObservation+confidenceString.swift */ = {isa = PBXFileReference; fileEncoding = 4; lastKnownFileType = sourcecode.swift; path = "VNClassificationObservation+confidenceString.swift"; sourceTree = "<group>"; };
		CC7A7F7929476A3A00684DC5 /* CGImagePropertyOrientation+UIImageOrientation.swift */ = {isa = PBXFileReference; fileEncoding = 4; lastKnownFileType = sourcecode.swift; path = "CGImagePropertyOrientation+UIImageOrientation.swift"; sourceTree = "<group>"; };
		CC7A7F7B29476A3A00684DC5 /* isWineClassifier.mlmodel */ = {isa = PBXFileReference; lastKnownFileType = file.mlmodel; path = isWineClassifier.mlmodel; sourceTree = "<group>"; };
		CC7A7F7C29476A3A00684DC5 /* wineClassifier.mlmodel */ = {isa = PBXFileReference; lastKnownFileType = file.mlmodel; path = wineClassifier.mlmodel; sourceTree = "<group>"; };
		CC7A7F7E29476A3A00684DC5 /* IsWinePredictor.swift */ = {isa = PBXFileReference; fileEncoding = 4; lastKnownFileType = sourcecode.swift; path = IsWinePredictor.swift; sourceTree = "<group>"; };
/* End PBXFileReference section */

/* Begin PBXFrameworksBuildPhase section */
		2EAC7398292DED1500A6DD42 /* Frameworks */ = {
			isa = PBXFrameworksBuildPhase;
			buildActionMask = 2147483647;
			files = (
			);
			runOnlyForDeploymentPostprocessing = 0;
		};
/* End PBXFrameworksBuildPhase section */

/* Begin PBXGroup section */
		2EAC7392292DED1500A6DD42 = {
			isa = PBXGroup;
			children = (
				CC7A7F7729476A3A00684DC5 /* Extensions */,
				CC7A7F7A29476A3A00684DC5 /* Models */,
				CC7A7F7D29476A3A00684DC5 /* Predictors */,
				2EAC739D292DED1500A6DD42 /* wine */,
				2EAC739C292DED1500A6DD42 /* Products */,
			);
			sourceTree = "<group>";
		};
		2EAC739C292DED1500A6DD42 /* Products */ = {
			isa = PBXGroup;
			children = (
				2EAC739B292DED1500A6DD42 /* Grapevine.app */,
			);
			name = Products;
			sourceTree = "<group>";
		};
		2EAC739D292DED1500A6DD42 /* wine */ = {
			isa = PBXGroup;
			children = (
				2EAC739E292DED1500A6DD42 /* AppDelegate.swift */,
				2EAC73A0292DED1500A6DD42 /* SceneDelegate.swift */,
				2EAC73A4292DED1500A6DD42 /* Main.storyboard */,
				2EAC73A2292DED1500A6DD42 /* ViewController.swift */,
				2EAC73A7292DED2000A6DD42 /* Assets.xcassets */,
				2EAC73A9292DED2000A6DD42 /* LaunchScreen.storyboard */,
				2EAC73AC292DED2000A6DD42 /* Info.plist */,
				2E9953DF294071B30033B3FB /* CameraViewComtroller.swift */,
				2E9953E72940882A0033B3FB /* FailViewController.swift */,
				2E9DB02A2949ABE70046F87E /* InfoViewController.swift */,
			);
			path = wine;
			sourceTree = "<group>";
		};
		CC7A7F7729476A3A00684DC5 /* Extensions */ = {
			isa = PBXGroup;
			children = (
				CC7A7F7829476A3A00684DC5 /* VNClassificationObservation+confidenceString.swift */,
				CC7A7F7929476A3A00684DC5 /* CGImagePropertyOrientation+UIImageOrientation.swift */,
			);
			path = Extensions;
			sourceTree = "<group>";
		};
		CC7A7F7A29476A3A00684DC5 /* Models */ = {
			isa = PBXGroup;
			children = (
				CC7A7F7B29476A3A00684DC5 /* isWineClassifier.mlmodel */,
				CC7A7F7C29476A3A00684DC5 /* wineClassifier.mlmodel */,
			);
			path = Models;
			sourceTree = "<group>";
		};
		CC7A7F7D29476A3A00684DC5 /* Predictors */ = {
			isa = PBXGroup;
			children = (
				CC7A7F7E29476A3A00684DC5 /* IsWinePredictor.swift */,
			);
			path = Predictors;
			sourceTree = "<group>";
		};
/* End PBXGroup section */

/* Begin PBXNativeTarget section */
		2EAC739A292DED1500A6DD42 /* Grapevine */ = {
			isa = PBXNativeTarget;
			buildConfigurationList = 2EAC73AF292DED2000A6DD42 /* Build configuration list for PBXNativeTarget "Grapevine" */;
			buildPhases = (
				2EAC7397292DED1500A6DD42 /* Sources */,
				2EAC7398292DED1500A6DD42 /* Frameworks */,
				2EAC7399292DED1500A6DD42 /* Resources */,
			);
			buildRules = (
			);
			dependencies = (
			);
			name = Grapevine;
			productName = wine;
			productReference = 2EAC739B292DED1500A6DD42 /* Grapevine.app */;
			productType = "com.apple.product-type.application";
		};
/* End PBXNativeTarget section */

/* Begin PBXProject section */
		2EAC7393292DED1500A6DD42 /* Project object */ = {
			isa = PBXProject;
			attributes = {
				LastSwiftUpdateCheck = 1240;
				LastUpgradeCheck = 1240;
				TargetAttributes = {
					2EAC739A292DED1500A6DD42 = {
						CreatedOnToolsVersion = 12.4;
					};
				};
			};
			buildConfigurationList = 2EAC7396292DED1500A6DD42 /* Build configuration list for PBXProject "Grapevine" */;
			compatibilityVersion = "Xcode 9.3";
			developmentRegion = en;
			hasScannedForEncodings = 0;
			knownRegions = (
				en,
				Base,
			);
			mainGroup = 2EAC7392292DED1500A6DD42;
			productRefGroup = 2EAC739C292DED1500A6DD42 /* Products */;
			projectDirPath = "";
			projectRoot = "";
			targets = (
				2EAC739A292DED1500A6DD42 /* Grapevine */,
			);
		};
/* End PBXProject section */

/* Begin PBXResourcesBuildPhase section */
		2EAC7399292DED1500A6DD42 /* Resources */ = {
			isa = PBXResourcesBuildPhase;
			buildActionMask = 2147483647;
			files = (
				2EAC73AB292DED2000A6DD42 /* LaunchScreen.storyboard in Resources */,
				2EAC73A8292DED2000A6DD42 /* Assets.xcassets in Resources */,
				2EAC73A6292DED1500A6DD42 /* Main.storyboard in Resources */,
			);
			runOnlyForDeploymentPostprocessing = 0;
		};
/* End PBXResourcesBuildPhase section */

/* Begin PBXSourcesBuildPhase section */
		2EAC7397292DED1500A6DD42 /* Sources */ = {
			isa = PBXSourcesBuildPhase;
			buildActionMask = 2147483647;
			files = (
				2E9953E82940882A0033B3FB /* FailViewController.swift in Sources */,
				2E9DB02B2949ABE70046F87E /* InfoViewController.swift in Sources */,
				2E9953E0294071B30033B3FB /* CameraViewComtroller.swift in Sources */,
				CC7A7F8029476A3A00684DC5 /* CGImagePropertyOrientation+UIImageOrientation.swift in Sources */,
				2EAC73A3292DED1500A6DD42 /* ViewController.swift in Sources */,
				CC7A7F8129476A3A00684DC5 /* isWineClassifier.mlmodel in Sources */,
				2EAC739F292DED1500A6DD42 /* AppDelegate.swift in Sources */,
				2EAC73A1292DED1500A6DD42 /* SceneDelegate.swift in Sources */,
				CC7A7F7F29476A3A00684DC5 /* VNClassificationObservation+confidenceString.swift in Sources */,
				CC7A7F8229476A3A00684DC5 /* wineClassifier.mlmodel in Sources */,
				CC7A7F8329476A3A00684DC5 /* IsWinePredictor.swift in Sources */,
			);
			runOnlyForDeploymentPostprocessing = 0;
		};
/* End PBXSourcesBuildPhase section */

/* Begin PBXVariantGroup section */
		2EAC73A4292DED1500A6DD42 /* Main.storyboard */ = {
			isa = PBXVariantGroup;
			children = (
				2EAC73A5292DED1500A6DD42 /* Base */,
			);
			name = Main.storyboard;
			sourceTree = "<group>";
		};
		2EAC73A9292DED2000A6DD42 /* LaunchScreen.storyboard */ = {
			isa = PBXVariantGroup;
			children = (
				2EAC73AA292DED2000A6DD42 /* Base */,
			);
			name = LaunchScreen.storyboard;
			sourceTree = "<group>";
		};
/* End PBXVariantGroup section */

/* Begin XCBuildConfiguration section */
		2EAC73AD292DED2000A6DD42 /* Debug */ = {
			isa = XCBuildConfiguration;
			buildSettings = {
				ALWAYS_SEARCH_USER_PATHS = NO;
				CLANG_ANALYZER_NONNULL = YES;
				CLANG_ANALYZER_NUMBER_OBJECT_CONVERSION = YES_AGGRESSIVE;
				CLANG_CXX_LANGUAGE_STANDARD = "gnu++14";
				CLANG_CXX_LIBRARY = "libc++";
				CLANG_ENABLE_MODULES = YES;
				CLANG_ENABLE_OBJC_ARC = YES;
				CLANG_ENABLE_OBJC_WEAK = YES;
				CLANG_WARN_BLOCK_CAPTURE_AUTORELEASING = YES;
				CLANG_WARN_BOOL_CONVERSION = YES;
				CLANG_WARN_COMMA = YES;
				CLANG_WARN_CONSTANT_CONVERSION = YES;
				CLANG_WARN_DEPRECATED_OBJC_IMPLEMENTATIONS = YES;
				CLANG_WARN_DIRECT_OBJC_ISA_USAGE = YES_ERROR;
				CLANG_WARN_DOCUMENTATION_COMMENTS = YES;
				CLANG_WARN_EMPTY_BODY = YES;
				CLANG_WARN_ENUM_CONVERSION = YES;
				CLANG_WARN_INFINITE_RECURSION = YES;
				CLANG_WARN_INT_CONVERSION = YES;
				CLANG_WARN_NON_LITERAL_NULL_CONVERSION = YES;
				CLANG_WARN_OBJC_IMPLICIT_RETAIN_SELF = YES;
				CLANG_WARN_OBJC_LITERAL_CONVERSION = YES;
				CLANG_WARN_OBJC_ROOT_CLASS = YES_ERROR;
				CLANG_WARN_QUOTED_INCLUDE_IN_FRAMEWORK_HEADER = YES;
				CLANG_WARN_RANGE_LOOP_ANALYSIS = YES;
				CLANG_WARN_STRICT_PROTOTYPES = YES;
				CLANG_WARN_SUSPICIOUS_MOVE = YES;
				CLANG_WARN_UNGUARDED_AVAILABILITY = YES_AGGRESSIVE;
				CLANG_WARN_UNREACHABLE_CODE = YES;
				CLANG_WARN__DUPLICATE_METHOD_MATCH = YES;
				COPY_PHASE_STRIP = NO;
				DEBUG_INFORMATION_FORMAT = dwarf;
				ENABLE_STRICT_OBJC_MSGSEND = YES;
				ENABLE_TESTABILITY = YES;
				GCC_C_LANGUAGE_STANDARD = gnu11;
				GCC_DYNAMIC_NO_PIC = NO;
				GCC_NO_COMMON_BLOCKS = YES;
				GCC_OPTIMIZATION_LEVEL = 0;
				GCC_PREPROCESSOR_DEFINITIONS = (
					"DEBUG=1",
					"$(inherited)",
				);
				GCC_WARN_64_TO_32_BIT_CONVERSION = YES;
				GCC_WARN_ABOUT_RETURN_TYPE = YES_ERROR;
				GCC_WARN_UNDECLARED_SELECTOR = YES;
				GCC_WARN_UNINITIALIZED_AUTOS = YES_AGGRESSIVE;
				GCC_WARN_UNUSED_FUNCTION = YES;
				GCC_WARN_UNUSED_VARIABLE = YES;
				IPHONEOS_DEPLOYMENT_TARGET = 14.4;
				MTL_ENABLE_DEBUG_INFO = INCLUDE_SOURCE;
				MTL_FAST_MATH = YES;
				ONLY_ACTIVE_ARCH = YES;
				SDKROOT = iphoneos;
				SWIFT_ACTIVE_COMPILATION_CONDITIONS = DEBUG;
				SWIFT_OPTIMIZATION_LEVEL = "-Onone";
			};
			name = Debug;
		};
		2EAC73AE292DED2000A6DD42 /* Release */ = {
			isa = XCBuildConfiguration;
			buildSettings = {
				ALWAYS_SEARCH_USER_PATHS = NO;
				CLANG_ANALYZER_NONNULL = YES;
				CLANG_ANALYZER_NUMBER_OBJECT_CONVERSION = YES_AGGRESSIVE;
				CLANG_CXX_LANGUAGE_STANDARD = "gnu++14";
				CLANG_CXX_LIBRARY = "libc++";
				CLANG_ENABLE_MODULES = YES;
				CLANG_ENABLE_OBJC_ARC = YES;
				CLANG_ENABLE_OBJC_WEAK = YES;
				CLANG_WARN_BLOCK_CAPTURE_AUTORELEASING = YES;
				CLANG_WARN_BOOL_CONVERSION = YES;
				CLANG_WARN_COMMA = YES;
				CLANG_WARN_CONSTANT_CONVERSION = YES;
				CLANG_WARN_DEPRECATED_OBJC_IMPLEMENTATIONS = YES;
				CLANG_WARN_DIRECT_OBJC_ISA_USAGE = YES_ERROR;
				CLANG_WARN_DOCUMENTATION_COMMENTS = YES;
				CLANG_WARN_EMPTY_BODY = YES;
				CLANG_WARN_ENUM_CONVERSION = YES;
				CLANG_WARN_INFINITE_RECURSION = YES;
				CLANG_WARN_INT_CONVERSION = YES;
				CLANG_WARN_NON_LITERAL_NULL_CONVERSION = YES;
				CLANG_WARN_OBJC_IMPLICIT_RETAIN_SELF = YES;
				CLANG_WARN_OBJC_LITERAL_CONVERSION = YES;
				CLANG_WARN_OBJC_ROOT_CLASS = YES_ERROR;
				CLANG_WARN_QUOTED_INCLUDE_IN_FRAMEWORK_HEADER = YES;
				CLANG_WARN_RANGE_LOOP_ANALYSIS = YES;
				CLANG_WARN_STRICT_PROTOTYPES = YES;
				CLANG_WARN_SUSPICIOUS_MOVE = YES;
				CLANG_WARN_UNGUARDED_AVAILABILITY = YES_AGGRESSIVE;
				CLANG_WARN_UNREACHABLE_CODE = YES;
				CLANG_WARN__DUPLICATE_METHOD_MATCH = YES;
				COPY_PHASE_STRIP = NO;
				DEBUG_INFORMATION_FORMAT = "dwarf-with-dsym";
				ENABLE_NS_ASSERTIONS = NO;
				ENABLE_STRICT_OBJC_MSGSEND = YES;
				GCC_C_LANGUAGE_STANDARD = gnu11;
				GCC_NO_COMMON_BLOCKS = YES;
				GCC_WARN_64_TO_32_BIT_CONVERSION = YES;
				GCC_WARN_ABOUT_RETURN_TYPE = YES_ERROR;
				GCC_WARN_UNDECLARED_SELECTOR = YES;
				GCC_WARN_UNINITIALIZED_AUTOS = YES_AGGRESSIVE;
				GCC_WARN_UNUSED_FUNCTION = YES;
				GCC_WARN_UNUSED_VARIABLE = YES;
				IPHONEOS_DEPLOYMENT_TARGET = 14.4;
				MTL_ENABLE_DEBUG_INFO = NO;
				MTL_FAST_MATH = YES;
				SDKROOT = iphoneos;
				SWIFT_COMPILATION_MODE = wholemodule;
				SWIFT_OPTIMIZATION_LEVEL = "-O";
				VALIDATE_PRODUCT = YES;
			};
			name = Release;
		};
		2EAC73B0292DED2000A6DD42 /* Debug */ = {
			isa = XCBuildConfiguration;
			buildSettings = {
				ASSETCATALOG_COMPILER_APPICON_NAME = AppIcon;
				ASSETCATALOG_COMPILER_GLOBAL_ACCENT_COLOR_NAME = AccentColor;
				CODE_SIGN_STYLE = Automatic;
				DEVELOPMENT_TEAM = 9S2T22BPSM;
				INFOPLIST_FILE = wine/Info.plist;
				LD_RUNPATH_SEARCH_PATHS = (
					"$(inherited)",
					"@executable_path/Frameworks",
				);
				PRODUCT_BUNDLE_IDENTIFIER = xyz.mvvkinn.Grapevine;
				PRODUCT_NAME = "$(TARGET_NAME)";
				SWIFT_VERSION = 5.0;
				TARGETED_DEVICE_FAMILY = "1,2";
			};
			name = Debug;
		};
		2EAC73B1292DED2000A6DD42 /* Release */ = {
			isa = XCBuildConfiguration;
			buildSettings = {
				ASSETCATALOG_COMPILER_APPICON_NAME = AppIcon;
				ASSETCATALOG_COMPILER_GLOBAL_ACCENT_COLOR_NAME = AccentColor;
				CODE_SIGN_STYLE = Automatic;
				DEVELOPMENT_TEAM = 9S2T22BPSM;
				INFOPLIST_FILE = wine/Info.plist;
				LD_RUNPATH_SEARCH_PATHS = (
					"$(inherited)",
					"@executable_path/Frameworks",
				);
				PRODUCT_BUNDLE_IDENTIFIER = xyz.mvvkinn.Grapevine;
				PRODUCT_NAME = "$(TARGET_NAME)";
				SWIFT_VERSION = 5.0;
				TARGETED_DEVICE_FAMILY = "1,2";
			};
			name = Release;
		};
/* End XCBuildConfiguration section */

/* Begin XCConfigurationList section */
		2EAC7396292DED1500A6DD42 /* Build configuration list for PBXProject "Grapevine" */ = {
			isa = XCConfigurationList;
			buildConfigurations = (
				2EAC73AD292DED2000A6DD42 /* Debug */,
				2EAC73AE292DED2000A6DD42 /* Release */,
			);
			defaultConfigurationIsVisible = 0;
			defaultConfigurationName = Release;
		};
		2EAC73AF292DED2000A6DD42 /* Build configuration list for PBXNativeTarget "Grapevine" */ = {
			isa = XCConfigurationList;
			buildConfigurations = (
				2EAC73B0292DED2000A6DD42 /* Debug */,
				2EAC73B1292DED2000A6DD42 /* Release */,
			);
			defaultConfigurationIsVisible = 0;
			defaultConfigurationName = Release;
		};
/* End XCConfigurationList section */
	};
	rootObject = 2EAC7393292DED1500A6DD42 /* Project object */;
}
